// !$*UTF8*$!
{
	archiveVersion = 1;
	classes = {
	};
	objectVersion = 50;
	objects = {

/* Begin PBXBuildFile section */
		8DD60FD323F24F6C009F6EED /* AppDelegate.swift in Sources */ = {isa = PBXBuildFile; fileRef = 8DD60FD223F24F6C009F6EED /* AppDelegate.swift */; };
		8DD60FD523F24F6C009F6EED /* SceneDelegate.swift in Sources */ = {isa = PBXBuildFile; fileRef = 8DD60FD423F24F6C009F6EED /* SceneDelegate.swift */; };
		8DD60FD723F24F6C009F6EED /* ContentView.swift in Sources */ = {isa = PBXBuildFile; fileRef = 8DD60FD623F24F6C009F6EED /* ContentView.swift */; };
		8DD60FD923F24F6D009F6EED /* Assets.xcassets in Resources */ = {isa = PBXBuildFile; fileRef = 8DD60FD823F24F6D009F6EED /* Assets.xcassets */; };
		8DD60FDC23F24F6D009F6EED /* Preview Assets.xcassets in Resources */ = {isa = PBXBuildFile; fileRef = 8DD60FDB23F24F6D009F6EED /* Preview Assets.xcassets */; };
		8DD60FDF23F24F6D009F6EED /* LaunchScreen.storyboard in Resources */ = {isa = PBXBuildFile; fileRef = 8DD60FDD23F24F6D009F6EED /* LaunchScreen.storyboard */; };
		8DD60FE723F251FE009F6EED /* ImagePicker.swift in Sources */ = {isa = PBXBuildFile; fileRef = 8DD60FE623F251FE009F6EED /* ImagePicker.swift */; };
/* End PBXBuildFile section */

/* Begin PBXFileReference section */
		8DD60FCF23F24F6C009F6EED /* SwiftUICamera.app */ = {isa = PBXFileReference; explicitFileType = wrapper.application; includeInIndex = 0; path = SwiftUICamera.app; sourceTree = BUILT_PRODUCTS_DIR; };
		8DD60FD223F24F6C009F6EED /* AppDelegate.swift */ = {isa = PBXFileReference; lastKnownFileType = sourcecode.swift; path = AppDelegate.swift; sourceTree = "<group>"; };
		8DD60FD423F24F6C009F6EED /* SceneDelegate.swift */ = {isa = PBXFileReference; lastKnownFileType = sourcecode.swift; path = SceneDelegate.swift; sourceTree = "<group>"; };
		8DD60FD623F24F6C009F6EED /* ContentView.swift */ = {isa = PBXFileReference; lastKnownFileType = sourcecode.swift; path = ContentView.swift; sourceTree = "<group>"; };
		8DD60FD823F24F6D009F6EED /* Assets.xcassets */ = {isa = PBXFileReference; lastKnownFileType = folder.assetcatalog; path = Assets.xcassets; sourceTree = "<group>"; };
		8DD60FDB23F24F6D009F6EED /* Preview Assets.xcassets */ = {isa = PBXFileReference; lastKnownFileType = folder.assetcatalog; path = "Preview Assets.xcassets"; sourceTree = "<group>"; };
		8DD60FDE23F24F6D009F6EED /* Base */ = {isa = PBXFileReference; lastKnownFileType = file.storyboard; name = Base; path = Base.lproj/LaunchScreen.storyboard; sourceTree = "<group>"; };
		8DD60FE023F24F6D009F6EED /* Info.plist */ = {isa = PBXFileReference; lastKnownFileType = text.plist.xml; path = Info.plist; sourceTree = "<group>"; };
		8DD60FE623F251FE009F6EED /* ImagePicker.swift */ = {isa = PBXFileReference; lastKnownFileType = sourcecode.swift; path = ImagePicker.swift; sourceTree = "<group>"; };
/* End PBXFileReference section */

/* Begin PBXFrameworksBuildPhase section */
		8DD60FCC23F24F6C009F6EED /* Frameworks */ = {
			isa = PBXFrameworksBuildPhase;
			buildActionMask = 2147483647;
			files = (
			);
			runOnlyForDeploymentPostprocessing = 0;
		};
/* End PBXFrameworksBuildPhase section */

/* Begin PBXGroup section */
		8DD60FC623F24F6C009F6EED = {
			isa = PBXGroup;
			children = (
				8DD60FD123F24F6C009F6EED /* SwiftUICamera */,
				8DD60FD023F24F6C009F6EED /* Products */,
			);
			sourceTree = "<group>";
		};
		8DD60FD023F24F6C009F6EED /* Products */ = {
			isa = PBXGroup;
			children = (
				8DD60FCF23F24F6C009F6EED /* SwiftUICamera.app */,
			);
			name = Products;
			sourceTree = "<group>";
		};
		8DD60FD123F24F6C009F6EED /* SwiftUICamera */ = {
			isa = PBXGroup;
			children = (
				8DD60FD223F24F6C009F6EED /* AppDelegate.swift */,
				8DD60FD423F24F6C009F6EED /* SceneDelegate.swift */,
				8DD60FD623F24F6C009F6EED /* ContentView.swift */,
				8DD60FD823F24F6D009F6EED /* Assets.xcassets */,
				8DD60FDD23F24F6D009F6EED /* LaunchScreen.storyboard */,
				8DD60FE023F24F6D009F6EED /* Info.plist */,
				8DD60FDA23F24F6D009F6EED /* Preview Content */,
				8DD60FE623F251FE009F6EED /* ImagePicker.swift */,
			);
			path = SwiftUICamera;
			sourceTree = "<group>";
		};
		8DD60FDA23F24F6D009F6EED /* Preview Content */ = {
			isa = PBXGroup;
			children = (
				8DD60FDB23F24F6D009F6EED /* Preview Assets.xcassets */,
			);
			path = "Preview Content";
			sourceTree = "<group>";
		};
/* End PBXGroup section */

/* Begin PBXNativeTarget section */
		8DD60FCE23F24F6C009F6EED /* SwiftUICamera */ = {
			isa = PBXNativeTarget;
			buildConfigurationList = 8DD60FE323F24F6D009F6EED /* Build configuration list for PBXNativeTarget "SwiftUICamera" */;
			buildPhases = (
				8DD60FCB23F24F6C009F6EED /* Sources */,
				8DD60FCC23F24F6C009F6EED /* Frameworks */,
				8DD60FCD23F24F6C009F6EED /* Resources */,
			);
			buildRules = (
			);
			dependencies = (
			);
			name = SwiftUICamera;
			productName = SwiftUICamera;
			productReference = 8DD60FCF23F24F6C009F6EED /* SwiftUICamera.app */;
			productType = "com.apple.product-type.application";
		};
/* End PBXNativeTarget section */

/* Begin PBXProject section */
		8DD60FC723F24F6C009F6EED /* Project object */ = {
			isa = PBXProject;
			attributes = {
				LastSwiftUpdateCheck = 1130;
				LastUpgradeCheck = 1130;
				ORGANIZATIONNAME = "Mohammad Azam";
				TargetAttributes = {
					8DD60FCE23F24F6C009F6EED = {
						CreatedOnToolsVersion = 11.3.1;
					};
				};
			};
			buildConfigurationList = 8DD60FCA23F24F6C009F6EED /* Build configuration list for PBXProject "SwiftUICamera" */;
			compatibilityVersion = "Xcode 9.3";
			developmentRegion = en;
			hasScannedForEncodings = 0;
			knownRegions = (
				en,
				Base,
			);
			mainGroup = 8DD60FC623F24F6C009F6EED;
			productRefGroup = 8DD60FD023F24F6C009F6EED /* Products */;
			projectDirPath = "";
			projectRoot = "";
			targets = (
				8DD60FCE23F24F6C009F6EED /* SwiftUICamera */,
			);
		};
/* End PBXProject section */

/* Begin PBXResourcesBuildPhase section */
		8DD60FCD23F24F6C009F6EED /* Resources */ = {
			isa = PBXResourcesBuildPhase;
			buildActionMask = 2147483647;
			files = (
				8DD60FDF23F24F6D009F6EED /* LaunchScreen.storyboard in Resources */,
				8DD60FDC23F24F6D009F6EED /* Preview Assets.xcassets in Resources */,
				8DD60FD923F24F6D009F6EED /* Assets.xcassets in Resources */,
			);
			runOnlyForDeploymentPostprocessing = 0;
		};
/* End PBXResourcesBuildPhase section */

/* Begin PBXSourcesBuildPhase section */
		8DD60FCB23F24F6C009F6EED /* Sources */ = {
			isa = PBXSourcesBuildPhase;
			buildActionMask = 2147483647;
			files = (
				8DD60FD323F24F6C009F6EED /* AppDelegate.swift in Sources */,
				8DD60FE723F251FE009F6EED /* ImagePicker.swift in Sources */,
				8DD60FD523F24F6C009F6EED /* SceneDelegate.swift in Sources */,
				8DD60FD723F24F6C009F6EED /* ContentView.swift in Sources */,
			);
			runOnlyForDeploymentPostprocessing = 0;
		};
/* End PBXSourcesBuildPhase section */

/* Begin PBXVariantGroup section */
		8DD60FDD23F24F6D009F6EED /* LaunchScreen.storyboard */ = {
			isa = PBXVariantGroup;
			children = (
				8DD60FDE23F24F6D009F6EED /* Base */,
			);
			name = LaunchScreen.storyboard;
			sourceTree = "<group>";
		};
/* End PBXVariantGroup section */

/* Begin XCBuildConfiguration section */
		8DD60FE123F24F6D009F6EED /* Debug */ = {
			isa = XCBuildConfiguration;
			buildSettings = {
				ALWAYS_SEARCH_USER_PATHS = NO;
				CLANG_ANALYZER_NONNULL = YES;
				CLANG_ANALYZER_NUMBER_OBJECT_CONVERSION = YES_AGGRESSIVE;
				CLANG_CXX_LANGUAGE_STANDARD = "gnu++14";
				CLANG_CXX_LIBRARY = "libc++";
				CLANG_ENABLE_MODULES = YES;
				CLANG_ENABLE_OBJC_ARC = YES;
				CLANG_ENABLE_OBJC_WEAK = YES;
				CLANG_WARN_BLOCK_CAPTURE_AUTORELEASING = YES;
				CLANG_WARN_BOOL_CONVERSION = YES;
				CLANG_WARN_COMMA = YES;
				CLANG_WARN_CONSTANT_CONVERSION = YES;
				CLANG_WARN_DEPRECATED_OBJC_IMPLEMENTATIONS = YES;
				CLANG_WARN_DIRECT_OBJC_ISA_USAGE = YES_ERROR;
				CLANG_WARN_DOCUMENTATION_COMMENTS = YES;
				CLANG_WARN_EMPTY_BODY = YES;
				CLANG_WARN_ENUM_CONVERSION = YES;
				CLANG_WARN_INFINITE_RECURSION = YES;
				CLANG_WARN_INT_CONVERSION = YES;
				CLANG_WARN_NON_LITERAL_NULL_CONVERSION = YES;
				CLANG_WARN_OBJC_IMPLICIT_RETAIN_SELF = YES;
				CLANG_WARN_OBJC_LITERAL_CONVERSION = YES;
				CLANG_WARN_OBJC_ROOT_CLASS = YES_ERROR;
				CLANG_WARN_RANGE_LOOP_ANALYSIS = YES;
				CLANG_WARN_STRICT_PROTOTYPES = YES;
				CLANG_WARN_SUSPICIOUS_MOVE = YES;
				CLANG_WARN_UNGUARDED_AVAILABILITY = YES_AGGRESSIVE;
				CLANG_WARN_UNREACHABLE_CODE = YES;
				CLANG_WARN__DUPLICATE_METHOD_MATCH = YES;
				COPY_PHASE_STRIP = NO;
				DEBUG_INFORMATION_FORMAT = dwarf;
				ENABLE_STRICT_OBJC_MSGSEND = YES;
				ENABLE_TESTABILITY = YES;
				GCC_C_LANGUAGE_STANDARD = gnu11;
				GCC_DYNAMIC_NO_PIC = NO;
				GCC_NO_COMMON_BLOCKS = YES;
				GCC_OPTIMIZATION_LEVEL = 0;
				GCC_PREPROCESSOR_DEFINITIONS = (
					"DEBUG=1",
					"$(inherited)",
				);
				GCC_WARN_64_TO_32_BIT_CONVERSION = YES;
				GCC_WARN_ABOUT_RETURN_TYPE = YES_ERROR;
				GCC_WARN_UNDECLARED_SELECTOR = YES;
				GCC_WARN_UNINITIALIZED_AUTOS = YES_AGGRESSIVE;
				GCC_WARN_UNUSED_FUNCTION = YES;
				GCC_WARN_UNUSED_VARIABLE = YES;
				IPHONEOS_DEPLOYMENT_TARGET = 13.2;
				MTL_ENABLE_DEBUG_INFO = INCLUDE_SOURCE;
				MTL_FAST_MATH = YES;
				ONLY_ACTIVE_ARCH = YES;
				SDKROOT = iphoneos;
				SWIFT_ACTIVE_COMPILATION_CONDITIONS = DEBUG;
				SWIFT_OPTIMIZATION_LEVEL = "-Onone";
			};
			name = Debug;
		};
		8DD60FE223F24F6D009F6EED /* Release */ = {
			isa = XCBuildConfiguration;
			buildSettings = {
				ALWAYS_SEARCH_USER_PATHS = NO;
				CLANG_ANALYZER_NONNULL = YES;
				CLANG_ANALYZER_NUMBER_OBJECT_CONVERSION = YES_AGGRESSIVE;
				CLANG_CXX_LANGUAGE_STANDARD = "gnu++14";
				CLANG_CXX_LIBRARY = "libc++";
				CLANG_ENABLE_MODULES = YES;
				CLANG_ENABLE_OBJC_ARC = YES;
				CLANG_ENABLE_OBJC_WEAK = YES;
				CLANG_WARN_BLOCK_CAPTURE_AUTORELEASING = YES;
				CLANG_WARN_BOOL_CONVERSION = YES;
				CLANG_WARN_COMMA = YES;
				CLANG_WARN_CONSTANT_CONVERSION = YES;
				CLANG_WARN_DEPRECATED_OBJC_IMPLEMENTATIONS = YES;
				CLANG_WARN_DIRECT_OBJC_ISA_USAGE = YES_ERROR;
				CLANG_WARN_DOCUMENTATION_COMMENTS = YES;
				CLANG_WARN_EMPTY_BODY = YES;
				CLANG_WARN_ENUM_CONVERSION = YES;
				CLANG_WARN_INFINITE_RECURSION = YES;
				CLANG_WARN_INT_CONVERSION = YES;
				CLANG_WARN_NON_LITERAL_NULL_CONVERSION = YES;
				CLANG_WARN_OBJC_IMPLICIT_RETAIN_SELF = YES;
				CLANG_WARN_OBJC_LITERAL_CONVERSION = YES;
				CLANG_WARN_OBJC_ROOT_CLASS = YES_ERROR;
				CLANG_WARN_RANGE_LOOP_ANALYSIS = YES;
				CLANG_WARN_STRICT_PROTOTYPES = YES;
				CLANG_WARN_SUSPICIOUS_MOVE = YES;
				CLANG_WARN_UNGUARDED_AVAILABILITY = YES_AGGRESSIVE;
				CLANG_WARN_UNREACHABLE_CODE = YES;
				CLANG_WARN__DUPLICATE_METHOD_MATCH = YES;
				COPY_PHASE_STRIP = NO;
				DEBUG_INFORMATION_FORMAT = "dwarf-with-dsym";
				ENABLE_NS_ASSERTIONS = NO;
				ENABLE_STRICT_OBJC_MSGSEND = YES;
				GCC_C_LANGUAGE_STANDARD = gnu11;
				GCC_NO_COMMON_BLOCKS = YES;
				GCC_WARN_64_TO_32_BIT_CONVERSION = YES;
				GCC_WARN_ABOUT_RETURN_TYPE = YES_ERROR;
				GCC_WARN_UNDECLARED_SELECTOR = YES;
				GCC_WARN_UNINITIALIZED_AUTOS = YES_AGGRESSIVE;
				GCC_WARN_UNUSED_FUNCTION = YES;
				GCC_WARN_UNUSED_VARIABLE = YES;
				IPHONEOS_DEPLOYMENT_TARGET = 13.2;
				MTL_ENABLE_DEBUG_INFO = NO;
				MTL_FAST_MATH = YES;
				SDKROOT = iphoneos;
				SWIFT_COMPILATION_MODE = wholemodule;
				SWIFT_OPTIMIZATION_LEVEL = "-O";
				VALIDATE_PRODUCT = YES;
			};
			name = Release;
		};
		8DD60FE423F24F6D009F6EED /* Debug */ = {
			isa = XCBuildConfiguration;
			buildSettings = {
				ASSETCATALOG_COMPILER_APPICON_NAME = AppIcon;
				CODE_SIGN_STYLE = Automatic;
				DEVELOPMENT_ASSET_PATHS = "\"SwiftUICamera/Preview Content\"";
				DEVELOPMENT_TEAM = B2Q8EGNCQA;
				ENABLE_PREVIEWS = YES;
				INFOPLIST_FILE = SwiftUICamera/Info.plist;
				LD_RUNPATH_SEARCH_PATHS = (
					"$(inherited)",
					"@executable_path/Frameworks",
				);
				PRODUCT_BUNDLE_IDENTIFIER = com.azamsharp.SwiftUICamera;
				PRODUCT_NAME = "$(TARGET_NAME)";
				SWIFT_VERSION = 5.0;
				TARGETED_DEVICE_FAMILY = "1,2";
			};
			name = Debug;
		};
		8DD60FE523F24F6D009F6EED /* Release */ = {
			isa = XCBuildConfiguration;
			buildSettings = {
				ASSETCATALOG_COMPILER_APPICON_NAME = AppIcon;
				CODE_SIGN_STYLE = Automatic;
				DEVELOPMENT_ASSET_PATHS = "\"SwiftUICamera/Preview Content\"";
				DEVELOPMENT_TEAM = B2Q8EGNCQA;
				ENABLE_PREVIEWS = YES;
				INFOPLIST_FILE = SwiftUICamera/Info.plist;
				LD_RUNPATH_SEARCH_PATHS = (
					"$(inherited)",
					"@executable_path/Frameworks",
				);
				PRODUCT_BUNDLE_IDENTIFIER = com.azamsharp.SwiftUICamera;
				PRODUCT_NAME = "$(TARGET_NAME)";
				SWIFT_VERSION = 5.0;
				TARGETED_DEVICE_FAMILY = "1,2";
			};
			name = Release;
		};
/* End XCBuildConfiguration section */

/* Begin XCConfigurationList section */
		8DD60FCA23F24F6C009F6EED /* Build configuration list for PBXProject "SwiftUICamera" */ = {
			isa = XCConfigurationList;
			buildConfigurations = (
				8DD60FE123F24F6D009F6EED /* Debug */,
				8DD60FE223F24F6D009F6EED /* Release */,
			);
			defaultConfigurationIsVisible = 0;
			defaultConfigurationName = Release;
		};
		8DD60FE323F24F6D009F6EED /* Build configuration list for PBXNativeTarget "SwiftUICamera" */ = {
			isa = XCConfigurationList;
			buildConfigurations = (
				8DD60FE423F24F6D009F6EED /* Debug */,
				8DD60FE523F24F6D009F6EED /* Release */,
			);
			defaultConfigurationIsVisible = 0;
			defaultConfigurationName = Release;
		};
/* End XCConfigurationList section */
	};
	rootObject = 8DD60FC723F24F6C009F6EED /* Project object */;
}
